
Microsoft Visual Studio Solution File, Format Version 12.00
# Visual Studio Version 16
VisualStudioVersion = 16.0.33801.447
MinimumVisualStudioVersion = 10.0.40219.1
Project("{FAE04EC0-301F-11D3-BF4B-00C04F79EFBC}") = "LojaVirtual", "LojaVirtual.csproj", "{FF8977B0-98E0-4543-99B5-E3476C3CC7A8}"
EndProject
Global
	GlobalSection(SolutionConfigurationPlatforms) = preSolution
		Debug|Any CPU = Debug|Any CPU
		Release|Any CPU = Release|Any CPU
	EndGlobalSection
	GlobalSection(ProjectConfigurationPlatforms) = postSolution
		{FF8977B0-98E0-4543-99B5-E3476C3CC7A8}.Debug|Any CPU.ActiveCfg = Debug|Any CPU
		{FF8977B0-98E0-4543-99B5-E3476C3CC7A8}.Debug|Any CPU.Build.0 = Debug|Any CPU
		{FF8977B0-98E0-4543-99B5-E3476C3CC7A8}.Release|Any CPU.ActiveCfg = Release|Any CPU
		{FF8977B0-98E0-4543-99B5-E3476C3CC7A8}.Release|Any CPU.Build.0 = Release|Any CPU
	EndGlobalSection
	GlobalSection(SolutionProperties) = preSolution
		HideSolutionNode = FALSE
	EndGlobalSection
	GlobalSection(ExtensibilityGlobals) = postSolution
		SolutionGuid = {297D19E8-C306-4D53-AE8C-78E6267997BA}
	EndGlobalSection
EndGlobal
